{
    "_meta": {
        "hash": {
            "sha256": "efe56761f3d6cf252453d2d4325d8efb2ef52f60041524fcd5fda5198e3a11c6"
        },
        "pipfile-spec": 6,
        "requires": {},
        "sources": [
            {
                "name": "pypi",
                "url": "https://mirrors.aliyun.com/pypi/simple/",
                "verify_ssl": true
            }
        ]
    },
    "default": {
        "spark": {
            "hashes": [
                "sha256:df499b57d30178c6d32dbda2af188b9833a261a70ccd262126ed7b415d9e36d1"
            ],
            "index": "pypi",
            "version": "==0.2.1"
        }
    },
    "develop": {}
}
